
Microsoft Visual Studio Solution File, Format Version 12.00
# Visual Studio Version 16
VisualStudioVersion = 16.0.31321.278
MinimumVisualStudioVersion = 10.0.40219.1
Project("{FAE04EC0-301F-11D3-BF4B-00C04F79EFBC}") = "Teste_git", "Teste_git\Teste_git.csproj", "{C36FCD06-BE25-4C40-8647-656A820E9C28}"
EndProject
Global
	GlobalSection(SolutionConfigurationPlatforms) = preSolution
		Debug|Any CPU = Debug|Any CPU
		Release|Any CPU = Release|Any CPU
	EndGlobalSection
	GlobalSection(ProjectConfigurationPlatforms) = postSolution
		{C36FCD06-BE25-4C40-8647-656A820E9C28}.Debug|Any CPU.ActiveCfg = Debug|Any CPU
		{C36FCD06-BE25-4C40-8647-656A820E9C28}.Debug|Any CPU.Build.0 = Debug|Any CPU
		{C36FCD06-BE25-4C40-8647-656A820E9C28}.Release|Any CPU.ActiveCfg = Release|Any CPU
		{C36FCD06-BE25-4C40-8647-656A820E9C28}.Release|Any CPU.Build.0 = Release|Any CPU
	EndGlobalSection
	GlobalSection(SolutionProperties) = preSolution
		HideSolutionNode = FALSE
	EndGlobalSection
	GlobalSection(ExtensibilityGlobals) = postSolution
		SolutionGuid = {27494ADE-B5C8-4EFF-BA58-2B1544951379}
	EndGlobalSection
EndGlobal
